
Microsoft Visual Studio Solution File, Format Version 10.00
# Visual Studio 2008
Project("{FAE04EC0-301F-11D3-BF4B-00C04F79EFBC}") = "SystemReporter", "SystemReporter\SystemReporter.csproj", "{4E5D0DCF-B4AC-42F4-BB55-EEB637F5AC62}"
EndProject
Global
	GlobalSection(SolutionConfigurationPlatforms) = preSolution
		Debug|Any CPU = Debug|Any CPU
		Release|Any CPU = Release|Any CPU
	EndGlobalSection
	GlobalSection(ProjectConfigurationPlatforms) = postSolution
		{4E5D0DCF-B4AC-42F4-BB55-EEB637F5AC62}.Debug|Any CPU.ActiveCfg = Debug|Any CPU
		{4E5D0DCF-B4AC-42F4-BB55-EEB637F5AC62}.Debug|Any CPU.Build.0 = Debug|Any CPU
		{4E5D0DCF-B4AC-42F4-BB55-EEB637F5AC62}.Release|Any CPU.ActiveCfg = Release|Any CPU
		{4E5D0DCF-B4AC-42F4-BB55-EEB637F5AC62}.Release|Any CPU.Build.0 = Release|Any CPU
	EndGlobalSection
	GlobalSection(SolutionProperties) = preSolution
		HideSolutionNode = FALSE
	EndGlobalSection
EndGlobal
